// !$*UTF8*$!
{
	archiveVersion = 1;
	classes = {
	};
	objectVersion = 51;
	objects = {

/* Begin PBXBuildFile section */
		7D414FD4525EC4C772DA81FB /* Pods_wooptestTests.framework in Frameworks */ = {isa = PBXBuildFile; fileRef = 5CCD3C4426178A574A87A3CA /* Pods_wooptestTests.framework */; };
		A91EE30E248052780010B289 /* WPEventDetailRouter.swift in Sources */ = {isa = PBXBuildFile; fileRef = A91EE30D248052780010B289 /* WPEventDetailRouter.swift */; };
		A91EE3102480533A0010B289 /* WPEventDetailTableViewController.swift in Sources */ = {isa = PBXBuildFile; fileRef = A91EE30F2480533A0010B289 /* WPEventDetailTableViewController.swift */; };
		A91EE313248075800010B289 /* WPBannerTableViewCell.swift in Sources */ = {isa = PBXBuildFile; fileRef = A91EE312248075800010B289 /* WPBannerTableViewCell.swift */; };
		A91EE315248076C90010B289 /* WPTitleTableViewCell.swift in Sources */ = {isa = PBXBuildFile; fileRef = A91EE314248076C90010B289 /* WPTitleTableViewCell.swift */; };
		A91EE317248081770010B289 /* WPDescriptionTableViewCell.swift in Sources */ = {isa = PBXBuildFile; fileRef = A91EE316248081770010B289 /* WPDescriptionTableViewCell.swift */; };
		A91EE319248082070010B289 /* WPCheckinTableViewCell.swift in Sources */ = {isa = PBXBuildFile; fileRef = A91EE318248082070010B289 /* WPCheckinTableViewCell.swift */; };
		A91EE31C24808B7D0010B289 /* UIApplication+Extension.swift in Sources */ = {isa = PBXBuildFile; fileRef = A91EE31B24808B7D0010B289 /* UIApplication+Extension.swift */; };
		A91EE31E248098DC0010B289 /* WPMapTableViewCell.swift in Sources */ = {isa = PBXBuildFile; fileRef = A91EE31D248098DC0010B289 /* WPMapTableViewCell.swift */; };
		A91EE32124809A0C0010B289 /* MapKit.framework in Frameworks */ = {isa = PBXBuildFile; fileRef = A91EE32024809A0C0010B289 /* MapKit.framework */; };
		A91EE32424809ACD0010B289 /* WPEventAnnotation.swift in Sources */ = {isa = PBXBuildFile; fileRef = A91EE32324809ACD0010B289 /* WPEventAnnotation.swift */; };
		A96EDDA32480A1CF00266D80 /* CoreLocation+Extension.swift in Sources */ = {isa = PBXBuildFile; fileRef = A96EDDA22480A1CF00266D80 /* CoreLocation+Extension.swift */; };
		A9ADB411248016FB00F58D11 /* WPEventTableViewCell.swift in Sources */ = {isa = PBXBuildFile; fileRef = A9ADB410248016FB00F58D11 /* WPEventTableViewCell.swift */; };
		A9ADB41524802ECA00F58D11 /* UIView+Extension.swift in Sources */ = {isa = PBXBuildFile; fileRef = A9ADB41424802ECA00F58D11 /* UIView+Extension.swift */; };
		A9ADB42024803B0900F58D11 /* WPEventDetail.swift in Sources */ = {isa = PBXBuildFile; fileRef = A9ADB41F24803B0900F58D11 /* WPEventDetail.swift */; };
		A9ADB42224803B9000F58D11 /* WPEventDetailService.swift in Sources */ = {isa = PBXBuildFile; fileRef = A9ADB42124803B9000F58D11 /* WPEventDetailService.swift */; };
		A9ADB42424803BF900F58D11 /* WPEventDetailProtocols.swift in Sources */ = {isa = PBXBuildFile; fileRef = A9ADB42324803BF900F58D11 /* WPEventDetailProtocols.swift */; };
		A9ADB42624803D7A00F58D11 /* WPEventDetailPresenter.swift in Sources */ = {isa = PBXBuildFile; fileRef = A9ADB42524803D7A00F58D11 /* WPEventDetailPresenter.swift */; };
		A9ADB42824803D8D00F58D11 /* WPEventDetailInteractor.swift in Sources */ = {isa = PBXBuildFile; fileRef = A9ADB42724803D8D00F58D11 /* WPEventDetailInteractor.swift */; };
		A9ADB42A24803EF000F58D11 /* WPMakeCheckinPayload.swift in Sources */ = {isa = PBXBuildFile; fileRef = A9ADB42924803EF000F58D11 /* WPMakeCheckinPayload.swift */; };
		A9ADB42C24804BF400F58D11 /* EventDetail.storyboard in Resources */ = {isa = PBXBuildFile; fileRef = A9ADB42B24804BF400F58D11 /* EventDetail.storyboard */; };
		A9BDA354247CC7D20016CB9C /* AppDelegate.swift in Sources */ = {isa = PBXBuildFile; fileRef = A9BDA353247CC7D20016CB9C /* AppDelegate.swift */; };
		A9BDA35D247CC7D30016CB9C /* Assets.xcassets in Resources */ = {isa = PBXBuildFile; fileRef = A9BDA35C247CC7D30016CB9C /* Assets.xcassets */; };
		A9BDA360247CC7D30016CB9C /* LaunchScreen.storyboard in Resources */ = {isa = PBXBuildFile; fileRef = A9BDA35E247CC7D30016CB9C /* LaunchScreen.storyboard */; };
		A9BDA36B247CC7D30016CB9C /* wooptestTests.swift in Sources */ = {isa = PBXBuildFile; fileRef = A9BDA36A247CC7D30016CB9C /* wooptestTests.swift */; };
		A9BDA376247CC7D30016CB9C /* wooptestUITests.swift in Sources */ = {isa = PBXBuildFile; fileRef = A9BDA375247CC7D30016CB9C /* wooptestUITests.swift */; };
		A9BDA397247CCC980016CB9C /* WPEventsInteractor.swift in Sources */ = {isa = PBXBuildFile; fileRef = A9BDA389247CCC980016CB9C /* WPEventsInteractor.swift */; };
		A9BDA398247CCC980016CB9C /* WPEventsProtocols.swift in Sources */ = {isa = PBXBuildFile; fileRef = A9BDA38B247CCC980016CB9C /* WPEventsProtocols.swift */; };
		A9BDA399247CCC980016CB9C /* WPEventsRouter.swift in Sources */ = {isa = PBXBuildFile; fileRef = A9BDA38D247CCC980016CB9C /* WPEventsRouter.swift */; };
		A9BDA39A247CCC980016CB9C /* WPEventsService.swift in Sources */ = {isa = PBXBuildFile; fileRef = A9BDA38F247CCC980016CB9C /* WPEventsService.swift */; };
		A9BDA39B247CCC980016CB9C /* WPEventsPresenter.swift in Sources */ = {isa = PBXBuildFile; fileRef = A9BDA391247CCC980016CB9C /* WPEventsPresenter.swift */; };
		A9BDA39C247CCC980016CB9C /* WPEvent.swift in Sources */ = {isa = PBXBuildFile; fileRef = A9BDA393247CCC980016CB9C /* WPEvent.swift */; };
		A9BDA39D247CCC980016CB9C /* WPEventsViewController.swift in Sources */ = {isa = PBXBuildFile; fileRef = A9BDA395247CCC980016CB9C /* WPEventsViewController.swift */; };
		A9BDA39E247CCC980016CB9C /* RequestLocationPermissionViewController.swift in Sources */ = {isa = PBXBuildFile; fileRef = A9BDA396247CCC980016CB9C /* RequestLocationPermissionViewController.swift */; };
		A9BDA3A0247CCCB40016CB9C /* Events.storyboard in Resources */ = {isa = PBXBuildFile; fileRef = A9BDA39F247CCCB40016CB9C /* Events.storyboard */; };
		A9BDA3A3247CD20C0016CB9C /* Constants.swift in Sources */ = {isa = PBXBuildFile; fileRef = A9BDA3A2247CD20C0016CB9C /* Constants.swift */; };
		ADDF3DF2ED9EBC7C8C01B9D7 /* Pods_wooptest_wooptestUITests.framework in Frameworks */ = {isa = PBXBuildFile; fileRef = BB70158DA996DAAAE2D3C0B3 /* Pods_wooptest_wooptestUITests.framework */; };
		F2B6545D80267B56E28D0ADE /* Pods_wooptest.framework in Frameworks */ = {isa = PBXBuildFile; fileRef = E79DBA499871A4FBDF3C1D58 /* Pods_wooptest.framework */; };
/* End PBXBuildFile section */

/* Begin PBXContainerItemProxy section */
		A9BDA367247CC7D30016CB9C /* PBXContainerItemProxy */ = {
			isa = PBXContainerItemProxy;
			containerPortal = A9BDA348247CC7D20016CB9C /* Project object */;
			proxyType = 1;
			remoteGlobalIDString = A9BDA34F247CC7D20016CB9C;
			remoteInfo = wooptest;
		};
		A9BDA372247CC7D30016CB9C /* PBXContainerItemProxy */ = {
			isa = PBXContainerItemProxy;
			containerPortal = A9BDA348247CC7D20016CB9C /* Project object */;
			proxyType = 1;
			remoteGlobalIDString = A9BDA34F247CC7D20016CB9C;
			remoteInfo = wooptest;
		};
/* End PBXContainerItemProxy section */

/* Begin PBXFileReference section */
		06A1343B279E32C2507F7E1E /* Pods-wooptest.release.xcconfig */ = {isa = PBXFileReference; includeInIndex = 1; lastKnownFileType = text.xcconfig; name = "Pods-wooptest.release.xcconfig"; path = "Target Support Files/Pods-wooptest/Pods-wooptest.release.xcconfig"; sourceTree = "<group>"; };
		0B577F31ECDF41B59AD13AF9 /* Pods-wooptest.debug.xcconfig */ = {isa = PBXFileReference; includeInIndex = 1; lastKnownFileType = text.xcconfig; name = "Pods-wooptest.debug.xcconfig"; path = "Target Support Files/Pods-wooptest/Pods-wooptest.debug.xcconfig"; sourceTree = "<group>"; };
		43011D0D676ACBE8E98A5053 /* Pods-wooptestTests.release.xcconfig */ = {isa = PBXFileReference; includeInIndex = 1; lastKnownFileType = text.xcconfig; name = "Pods-wooptestTests.release.xcconfig"; path = "Target Support Files/Pods-wooptestTests/Pods-wooptestTests.release.xcconfig"; sourceTree = "<group>"; };
		5CCD3C4426178A574A87A3CA /* Pods_wooptestTests.framework */ = {isa = PBXFileReference; explicitFileType = wrapper.framework; includeInIndex = 0; path = Pods_wooptestTests.framework; sourceTree = BUILT_PRODUCTS_DIR; };
		A91EE30D248052780010B289 /* WPEventDetailRouter.swift */ = {isa = PBXFileReference; lastKnownFileType = sourcecode.swift; path = WPEventDetailRouter.swift; sourceTree = "<group>"; };
		A91EE30F2480533A0010B289 /* WPEventDetailTableViewController.swift */ = {isa = PBXFileReference; lastKnownFileType = sourcecode.swift; path = WPEventDetailTableViewController.swift; sourceTree = "<group>"; };
		A91EE312248075800010B289 /* WPBannerTableViewCell.swift */ = {isa = PBXFileReference; lastKnownFileType = sourcecode.swift; path = WPBannerTableViewCell.swift; sourceTree = "<group>"; };
		A91EE314248076C90010B289 /* WPTitleTableViewCell.swift */ = {isa = PBXFileReference; lastKnownFileType = sourcecode.swift; path = WPTitleTableViewCell.swift; sourceTree = "<group>"; };
		A91EE316248081770010B289 /* WPDescriptionTableViewCell.swift */ = {isa = PBXFileReference; lastKnownFileType = sourcecode.swift; path = WPDescriptionTableViewCell.swift; sourceTree = "<group>"; };
		A91EE318248082070010B289 /* WPCheckinTableViewCell.swift */ = {isa = PBXFileReference; lastKnownFileType = sourcecode.swift; path = WPCheckinTableViewCell.swift; sourceTree = "<group>"; };
		A91EE31B24808B7D0010B289 /* UIApplication+Extension.swift */ = {isa = PBXFileReference; lastKnownFileType = sourcecode.swift; path = "UIApplication+Extension.swift"; sourceTree = "<group>"; };
		A91EE31D248098DC0010B289 /* WPMapTableViewCell.swift */ = {isa = PBXFileReference; lastKnownFileType = sourcecode.swift; path = WPMapTableViewCell.swift; sourceTree = "<group>"; };
		A91EE32024809A0C0010B289 /* MapKit.framework */ = {isa = PBXFileReference; lastKnownFileType = wrapper.framework; name = MapKit.framework; path = System/Library/Frameworks/MapKit.framework; sourceTree = SDKROOT; };
		A91EE32324809ACD0010B289 /* WPEventAnnotation.swift */ = {isa = PBXFileReference; lastKnownFileType = sourcecode.swift; path = WPEventAnnotation.swift; sourceTree = "<group>"; };
		A96EDDA22480A1CF00266D80 /* CoreLocation+Extension.swift */ = {isa = PBXFileReference; lastKnownFileType = sourcecode.swift; path = "CoreLocation+Extension.swift"; sourceTree = "<group>"; };
		A9ADB410248016FB00F58D11 /* WPEventTableViewCell.swift */ = {isa = PBXFileReference; lastKnownFileType = sourcecode.swift; path = WPEventTableViewCell.swift; sourceTree = "<group>"; };
		A9ADB41424802ECA00F58D11 /* UIView+Extension.swift */ = {isa = PBXFileReference; fileEncoding = 4; lastKnownFileType = sourcecode.swift; path = "UIView+Extension.swift"; sourceTree = "<group>"; };
		A9ADB41F24803B0900F58D11 /* WPEventDetail.swift */ = {isa = PBXFileReference; lastKnownFileType = sourcecode.swift; path = WPEventDetail.swift; sourceTree = "<group>"; };
		A9ADB42124803B9000F58D11 /* WPEventDetailService.swift */ = {isa = PBXFileReference; lastKnownFileType = sourcecode.swift; path = WPEventDetailService.swift; sourceTree = "<group>"; };
		A9ADB42324803BF900F58D11 /* WPEventDetailProtocols.swift */ = {isa = PBXFileReference; lastKnownFileType = sourcecode.swift; path = WPEventDetailProtocols.swift; sourceTree = "<group>"; };
		A9ADB42524803D7A00F58D11 /* WPEventDetailPresenter.swift */ = {isa = PBXFileReference; lastKnownFileType = sourcecode.swift; path = WPEventDetailPresenter.swift; sourceTree = "<group>"; };
		A9ADB42724803D8D00F58D11 /* WPEventDetailInteractor.swift */ = {isa = PBXFileReference; lastKnownFileType = sourcecode.swift; path = WPEventDetailInteractor.swift; sourceTree = "<group>"; };
		A9ADB42924803EF000F58D11 /* WPMakeCheckinPayload.swift */ = {isa = PBXFileReference; lastKnownFileType = sourcecode.swift; path = WPMakeCheckinPayload.swift; sourceTree = "<group>"; };
		A9ADB42B24804BF400F58D11 /* EventDetail.storyboard */ = {isa = PBXFileReference; lastKnownFileType = file.storyboard; path = EventDetail.storyboard; sourceTree = "<group>"; };
		A9BDA350247CC7D20016CB9C /* wooptest.app */ = {isa = PBXFileReference; explicitFileType = wrapper.application; includeInIndex = 0; path = wooptest.app; sourceTree = BUILT_PRODUCTS_DIR; };
		A9BDA353247CC7D20016CB9C /* AppDelegate.swift */ = {isa = PBXFileReference; lastKnownFileType = sourcecode.swift; path = AppDelegate.swift; sourceTree = "<group>"; };
		A9BDA35C247CC7D30016CB9C /* Assets.xcassets */ = {isa = PBXFileReference; lastKnownFileType = folder.assetcatalog; path = Assets.xcassets; sourceTree = "<group>"; };
		A9BDA35F247CC7D30016CB9C /* Base */ = {isa = PBXFileReference; lastKnownFileType = file.storyboard; name = Base; path = Base.lproj/LaunchScreen.storyboard; sourceTree = "<group>"; };
		A9BDA361247CC7D30016CB9C /* Info.plist */ = {isa = PBXFileReference; lastKnownFileType = text.plist.xml; path = Info.plist; sourceTree = "<group>"; };
		A9BDA366247CC7D30016CB9C /* wooptestTests.xctest */ = {isa = PBXFileReference; explicitFileType = wrapper.cfbundle; includeInIndex = 0; path = wooptestTests.xctest; sourceTree = BUILT_PRODUCTS_DIR; };
		A9BDA36A247CC7D30016CB9C /* wooptestTests.swift */ = {isa = PBXFileReference; lastKnownFileType = sourcecode.swift; path = wooptestTests.swift; sourceTree = "<group>"; };
		A9BDA36C247CC7D30016CB9C /* Info.plist */ = {isa = PBXFileReference; lastKnownFileType = text.plist.xml; path = Info.plist; sourceTree = "<group>"; };
		A9BDA371247CC7D30016CB9C /* wooptestUITests.xctest */ = {isa = PBXFileReference; explicitFileType = wrapper.cfbundle; includeInIndex = 0; path = wooptestUITests.xctest; sourceTree = BUILT_PRODUCTS_DIR; };
		A9BDA375247CC7D30016CB9C /* wooptestUITests.swift */ = {isa = PBXFileReference; lastKnownFileType = sourcecode.swift; path = wooptestUITests.swift; sourceTree = "<group>"; };
		A9BDA377247CC7D30016CB9C /* Info.plist */ = {isa = PBXFileReference; lastKnownFileType = text.plist.xml; path = Info.plist; sourceTree = "<group>"; };
		A9BDA389247CCC980016CB9C /* WPEventsInteractor.swift */ = {isa = PBXFileReference; fileEncoding = 4; lastKnownFileType = sourcecode.swift; path = WPEventsInteractor.swift; sourceTree = "<group>"; };
		A9BDA38B247CCC980016CB9C /* WPEventsProtocols.swift */ = {isa = PBXFileReference; fileEncoding = 4; lastKnownFileType = sourcecode.swift; path = WPEventsProtocols.swift; sourceTree = "<group>"; };
		A9BDA38D247CCC980016CB9C /* WPEventsRouter.swift */ = {isa = PBXFileReference; fileEncoding = 4; lastKnownFileType = sourcecode.swift; path = WPEventsRouter.swift; sourceTree = "<group>"; };
		A9BDA38F247CCC980016CB9C /* WPEventsService.swift */ = {isa = PBXFileReference; fileEncoding = 4; lastKnownFileType = sourcecode.swift; path = WPEventsService.swift; sourceTree = "<group>"; };
		A9BDA391247CCC980016CB9C /* WPEventsPresenter.swift */ = {isa = PBXFileReference; fileEncoding = 4; lastKnownFileType = sourcecode.swift; path = WPEventsPresenter.swift; sourceTree = "<group>"; };
		A9BDA393247CCC980016CB9C /* WPEvent.swift */ = {isa = PBXFileReference; fileEncoding = 4; lastKnownFileType = sourcecode.swift; path = WPEvent.swift; sourceTree = "<group>"; };
		A9BDA395247CCC980016CB9C /* WPEventsViewController.swift */ = {isa = PBXFileReference; fileEncoding = 4; lastKnownFileType = sourcecode.swift; path = WPEventsViewController.swift; sourceTree = "<group>"; };
		A9BDA396247CCC980016CB9C /* RequestLocationPermissionViewController.swift */ = {isa = PBXFileReference; fileEncoding = 4; lastKnownFileType = sourcecode.swift; path = RequestLocationPermissionViewController.swift; sourceTree = "<group>"; };
		A9BDA39F247CCCB40016CB9C /* Events.storyboard */ = {isa = PBXFileReference; lastKnownFileType = file.storyboard; path = Events.storyboard; sourceTree = "<group>"; };
		A9BDA3A2247CD20C0016CB9C /* Constants.swift */ = {isa = PBXFileReference; fileEncoding = 4; lastKnownFileType = sourcecode.swift; path = Constants.swift; sourceTree = "<group>"; };
		ABC8B26B0B6D34A13CB13DCC /* Pods-wooptest-wooptestUITests.release.xcconfig */ = {isa = PBXFileReference; includeInIndex = 1; lastKnownFileType = text.xcconfig; name = "Pods-wooptest-wooptestUITests.release.xcconfig"; path = "Target Support Files/Pods-wooptest-wooptestUITests/Pods-wooptest-wooptestUITests.release.xcconfig"; sourceTree = "<group>"; };
		BB70158DA996DAAAE2D3C0B3 /* Pods_wooptest_wooptestUITests.framework */ = {isa = PBXFileReference; explicitFileType = wrapper.framework; includeInIndex = 0; path = Pods_wooptest_wooptestUITests.framework; sourceTree = BUILT_PRODUCTS_DIR; };
		CD7EAB41E26661CD86A185EA /* Pods-wooptestTests.debug.xcconfig */ = {isa = PBXFileReference; includeInIndex = 1; lastKnownFileType = text.xcconfig; name = "Pods-wooptestTests.debug.xcconfig"; path = "Target Support Files/Pods-wooptestTests/Pods-wooptestTests.debug.xcconfig"; sourceTree = "<group>"; };
		E79DBA499871A4FBDF3C1D58 /* Pods_wooptest.framework */ = {isa = PBXFileReference; explicitFileType = wrapper.framework; includeInIndex = 0; path = Pods_wooptest.framework; sourceTree = BUILT_PRODUCTS_DIR; };
		F7EAB5EA5F9BA4618B0409AF /* Pods-wooptest-wooptestUITests.debug.xcconfig */ = {isa = PBXFileReference; includeInIndex = 1; lastKnownFileType = text.xcconfig; name = "Pods-wooptest-wooptestUITests.debug.xcconfig"; path = "Target Support Files/Pods-wooptest-wooptestUITests/Pods-wooptest-wooptestUITests.debug.xcconfig"; sourceTree = "<group>"; };
/* End PBXFileReference section */

/* Begin PBXFrameworksBuildPhase section */
		A9BDA34D247CC7D20016CB9C /* Frameworks */ = {
			isa = PBXFrameworksBuildPhase;
			buildActionMask = 2147483647;
			files = (
				A91EE32124809A0C0010B289 /* MapKit.framework in Frameworks */,
				F2B6545D80267B56E28D0ADE /* Pods_wooptest.framework in Frameworks */,
			);
			runOnlyForDeploymentPostprocessing = 0;
		};
		A9BDA363247CC7D30016CB9C /* Frameworks */ = {
			isa = PBXFrameworksBuildPhase;
			buildActionMask = 2147483647;
			files = (
				7D414FD4525EC4C772DA81FB /* Pods_wooptestTests.framework in Frameworks */,
			);
			runOnlyForDeploymentPostprocessing = 0;
		};
		A9BDA36E247CC7D30016CB9C /* Frameworks */ = {
			isa = PBXFrameworksBuildPhase;
			buildActionMask = 2147483647;
			files = (
				ADDF3DF2ED9EBC7C8C01B9D7 /* Pods_wooptest_wooptestUITests.framework in Frameworks */,
			);
			runOnlyForDeploymentPostprocessing = 0;
		};
/* End PBXFrameworksBuildPhase section */

/* Begin PBXGroup section */
		A00FDEBAFAC27237DF0AA13D /* Pods */ = {
			isa = PBXGroup;
			children = (
				0B577F31ECDF41B59AD13AF9 /* Pods-wooptest.debug.xcconfig */,
				06A1343B279E32C2507F7E1E /* Pods-wooptest.release.xcconfig */,
				F7EAB5EA5F9BA4618B0409AF /* Pods-wooptest-wooptestUITests.debug.xcconfig */,
				ABC8B26B0B6D34A13CB13DCC /* Pods-wooptest-wooptestUITests.release.xcconfig */,
				CD7EAB41E26661CD86A185EA /* Pods-wooptestTests.debug.xcconfig */,
				43011D0D676ACBE8E98A5053 /* Pods-wooptestTests.release.xcconfig */,
			);
			path = Pods;
			sourceTree = "<group>";
		};
		A4C7334E654094D33AB5B241 /* Frameworks */ = {
			isa = PBXGroup;
			children = (
				A91EE32024809A0C0010B289 /* MapKit.framework */,
				E79DBA499871A4FBDF3C1D58 /* Pods_wooptest.framework */,
				BB70158DA996DAAAE2D3C0B3 /* Pods_wooptest_wooptestUITests.framework */,
				5CCD3C4426178A574A87A3CA /* Pods_wooptestTests.framework */,
			);
			name = Frameworks;
			sourceTree = "<group>";
		};
		A91EE311248075710010B289 /* Cells */ = {
			isa = PBXGroup;
			children = (
				A91EE312248075800010B289 /* WPBannerTableViewCell.swift */,
				A91EE314248076C90010B289 /* WPTitleTableViewCell.swift */,
				A91EE316248081770010B289 /* WPDescriptionTableViewCell.swift */,
				A91EE318248082070010B289 /* WPCheckinTableViewCell.swift */,
				A91EE31D248098DC0010B289 /* WPMapTableViewCell.swift */,
			);
			path = Cells;
			sourceTree = "<group>";
		};
		A91EE31A24808B690010B289 /* UIApplication */ = {
			isa = PBXGroup;
			children = (
				A91EE31B24808B7D0010B289 /* UIApplication+Extension.swift */,
			);
			path = UIApplication;
			sourceTree = "<group>";
		};
		A91EE32224809A9E0010B289 /* Annotations */ = {
			isa = PBXGroup;
			children = (
				A91EE32324809ACD0010B289 /* WPEventAnnotation.swift */,
			);
			path = Annotations;
			sourceTree = "<group>";
		};
		A96EDDA12480A1BD00266D80 /* CoreLocation */ = {
			isa = PBXGroup;
			children = (
				A96EDDA22480A1CF00266D80 /* CoreLocation+Extension.swift */,
			);
			path = CoreLocation;
			sourceTree = "<group>";
		};
		A9ADB40F248016D900F58D11 /* Cells */ = {
			isa = PBXGroup;
			children = (
				A9ADB410248016FB00F58D11 /* WPEventTableViewCell.swift */,
			);
			path = Cells;
			sourceTree = "<group>";
		};
		A9ADB41224802EA900F58D11 /* Extension */ = {
			isa = PBXGroup;
			children = (
				A96EDDA12480A1BD00266D80 /* CoreLocation */,
				A91EE31A24808B690010B289 /* UIApplication */,
				A9ADB41324802EBA00F58D11 /* UIKit */,
			);
			path = Extension;
			sourceTree = "<group>";
		};
		A9ADB41324802EBA00F58D11 /* UIKit */ = {
			isa = PBXGroup;
			children = (
				A9ADB41424802ECA00F58D11 /* UIView+Extension.swift */,
			);
			path = UIKit;
			sourceTree = "<group>";
		};
		A9ADB418248039C000F58D11 /* Entities */ = {
			isa = PBXGroup;
			children = (
				A9ADB41F24803B0900F58D11 /* WPEventDetail.swift */,
				A9ADB42924803EF000F58D11 /* WPMakeCheckinPayload.swift */,
			);
			path = Entities;
			sourceTree = "<group>";
		};
		A9ADB419248039CD00F58D11 /* Interactor */ = {
			isa = PBXGroup;
			children = (
				A9ADB42724803D8D00F58D11 /* WPEventDetailInteractor.swift */,
			);
			path = Interactor;
			sourceTree = "<group>";
		};
		A9ADB41A248039D300F58D11 /* Presenter */ = {
			isa = PBXGroup;
			children = (
				A9ADB42524803D7A00F58D11 /* WPEventDetailPresenter.swift */,
			);
			path = Presenter;
			sourceTree = "<group>";
		};
		A9ADB41B248039D800F58D11 /* Protocols */ = {
			isa = PBXGroup;
			children = (
				A9ADB42324803BF900F58D11 /* WPEventDetailProtocols.swift */,
			);
			path = Protocols;
			sourceTree = "<group>";
		};
		A9ADB41C248039E000F58D11 /* View */ = {
			isa = PBXGroup;
			children = (
				A91EE32224809A9E0010B289 /* Annotations */,
				A91EE311248075710010B289 /* Cells */,
				A91EE30F2480533A0010B289 /* WPEventDetailTableViewController.swift */,
			);
			path = View;
			sourceTree = "<group>";
		};
		A9ADB41D248039FF00F58D11 /* Service */ = {
			isa = PBXGroup;
			children = (
				A9ADB42124803B9000F58D11 /* WPEventDetailService.swift */,
			);
			path = Service;
			sourceTree = "<group>";
		};
		A9ADB41E24803A0800F58D11 /* Router */ = {
			isa = PBXGroup;
			children = (
				A91EE30D248052780010B289 /* WPEventDetailRouter.swift */,
			);
			path = Router;
			sourceTree = "<group>";
		};
		A9BDA347247CC7D20016CB9C = {
			isa = PBXGroup;
			children = (
				A9BDA352247CC7D20016CB9C /* wooptest */,
				A9BDA369247CC7D30016CB9C /* wooptestTests */,
				A9BDA374247CC7D30016CB9C /* wooptestUITests */,
				A9BDA351247CC7D20016CB9C /* Products */,
				A00FDEBAFAC27237DF0AA13D /* Pods */,
				A4C7334E654094D33AB5B241 /* Frameworks */,
			);
			sourceTree = "<group>";
		};
		A9BDA351247CC7D20016CB9C /* Products */ = {
			isa = PBXGroup;
			children = (
				A9BDA350247CC7D20016CB9C /* wooptest.app */,
				A9BDA366247CC7D30016CB9C /* wooptestTests.xctest */,
				A9BDA371247CC7D30016CB9C /* wooptestUITests.xctest */,
			);
			name = Products;
			sourceTree = "<group>";
		};
		A9BDA352247CC7D20016CB9C /* wooptest */ = {
			isa = PBXGroup;
			children = (
				A9ADB41224802EA900F58D11 /* Extension */,
				A9BDA3A1247CD1FE0016CB9C /* Utils */,
				A9BDA385247CCBF40016CB9C /* Supporting Files */,
				A9BDA384247CCBD90016CB9C /* ThirdParty */,
				A9BDA383247CCBD00016CB9C /* Modules */,
			);
			path = wooptest;
			sourceTree = "<group>";
		};
		A9BDA369247CC7D30016CB9C /* wooptestTests */ = {
			isa = PBXGroup;
			children = (
				A9BDA36A247CC7D30016CB9C /* wooptestTests.swift */,
				A9BDA36C247CC7D30016CB9C /* Info.plist */,
			);
			path = wooptestTests;
			sourceTree = "<group>";
		};
		A9BDA374247CC7D30016CB9C /* wooptestUITests */ = {
			isa = PBXGroup;
			children = (
				A9BDA375247CC7D30016CB9C /* wooptestUITests.swift */,
				A9BDA377247CC7D30016CB9C /* Info.plist */,
			);
			path = wooptestUITests;
			sourceTree = "<group>";
		};
		A9BDA383247CCBD00016CB9C /* Modules */ = {
			isa = PBXGroup;
			children = (
				A9BDA387247CCC2B0016CB9C /* EventDetail */,
				A9BDA386247CCC220016CB9C /* Events */,
			);
			path = Modules;
			sourceTree = "<group>";
		};
		A9BDA384247CCBD90016CB9C /* ThirdParty */ = {
			isa = PBXGroup;
			children = (
			);
			path = ThirdParty;
			sourceTree = "<group>";
		};
		A9BDA385247CCBF40016CB9C /* Supporting Files */ = {
			isa = PBXGroup;
			children = (
				A9BDA35C247CC7D30016CB9C /* Assets.xcassets */,
				A9BDA361247CC7D30016CB9C /* Info.plist */,
				A9BDA35E247CC7D30016CB9C /* LaunchScreen.storyboard */,
				A9BDA353247CC7D20016CB9C /* AppDelegate.swift */,
			);
			path = "Supporting Files";
			sourceTree = "<group>";
		};
		A9BDA386247CCC220016CB9C /* Events */ = {
			isa = PBXGroup;
			children = (
				A9BDA392247CCC980016CB9C /* Entities */,
				A9BDA388247CCC980016CB9C /* Interactor */,
				A9BDA390247CCC980016CB9C /* Presenter */,
				A9BDA38A247CCC980016CB9C /* Protocols */,
				A9BDA38C247CCC980016CB9C /* Router */,
				A9BDA38E247CCC980016CB9C /* Service */,
				A9BDA394247CCC980016CB9C /* View */,
				A9BDA39F247CCCB40016CB9C /* Events.storyboard */,
			);
			path = Events;
			sourceTree = "<group>";
		};
		A9BDA387247CCC2B0016CB9C /* EventDetail */ = {
			isa = PBXGroup;
			children = (
				A9ADB42B24804BF400F58D11 /* EventDetail.storyboard */,
				A9ADB41E24803A0800F58D11 /* Router */,
				A9ADB41D248039FF00F58D11 /* Service */,
				A9ADB41C248039E000F58D11 /* View */,
				A9ADB41B248039D800F58D11 /* Protocols */,
				A9ADB41A248039D300F58D11 /* Presenter */,
				A9ADB419248039CD00F58D11 /* Interactor */,
				A9ADB418248039C000F58D11 /* Entities */,
			);
			path = EventDetail;
			sourceTree = "<group>";
		};
		A9BDA388247CCC980016CB9C /* Interactor */ = {
			isa = PBXGroup;
			children = (
				A9BDA389247CCC980016CB9C /* WPEventsInteractor.swift */,
			);
			path = Interactor;
			sourceTree = "<group>";
		};
		A9BDA38A247CCC980016CB9C /* Protocols */ = {
			isa = PBXGroup;
			children = (
				A9BDA38B247CCC980016CB9C /* WPEventsProtocols.swift */,
			);
			path = Protocols;
			sourceTree = "<group>";
		};
		A9BDA38C247CCC980016CB9C /* Router */ = {
			isa = PBXGroup;
			children = (
				A9BDA38D247CCC980016CB9C /* WPEventsRouter.swift */,
			);
			path = Router;
			sourceTree = "<group>";
		};
		A9BDA38E247CCC980016CB9C /* Service */ = {
			isa = PBXGroup;
			children = (
				A9BDA38F247CCC980016CB9C /* WPEventsService.swift */,
			);
			path = Service;
			sourceTree = "<group>";
		};
		A9BDA390247CCC980016CB9C /* Presenter */ = {
			isa = PBXGroup;
			children = (
				A9BDA391247CCC980016CB9C /* WPEventsPresenter.swift */,
			);
			path = Presenter;
			sourceTree = "<group>";
		};
		A9BDA392247CCC980016CB9C /* Entities */ = {
			isa = PBXGroup;
			children = (
				A9BDA393247CCC980016CB9C /* WPEvent.swift */,
			);
			path = Entities;
			sourceTree = "<group>";
		};
		A9BDA394247CCC980016CB9C /* View */ = {
			isa = PBXGroup;
			children = (
				A9ADB40F248016D900F58D11 /* Cells */,
				A9BDA395247CCC980016CB9C /* WPEventsViewController.swift */,
				A9BDA396247CCC980016CB9C /* RequestLocationPermissionViewController.swift */,
			);
			path = View;
			sourceTree = "<group>";
		};
		A9BDA3A1247CD1FE0016CB9C /* Utils */ = {
			isa = PBXGroup;
			children = (
				A9BDA3A2247CD20C0016CB9C /* Constants.swift */,
			);
			path = Utils;
			sourceTree = "<group>";
		};
/* End PBXGroup section */

/* Begin PBXNativeTarget section */
		A9BDA34F247CC7D20016CB9C /* wooptest */ = {
			isa = PBXNativeTarget;
			buildConfigurationList = A9BDA37A247CC7D30016CB9C /* Build configuration list for PBXNativeTarget "wooptest" */;
			buildPhases = (
				F8D5CBA146BC3AC7F31BA926 /* [CP] Check Pods Manifest.lock */,
				A9BDA34C247CC7D20016CB9C /* Sources */,
				A9BDA34D247CC7D20016CB9C /* Frameworks */,
				A9BDA34E247CC7D20016CB9C /* Resources */,
				687DCFE0B78C3AA5ACB80174 /* [CP] Embed Pods Frameworks */,
				A91EE31F248099DF0010B289 /* ShellScript */,
			);
			buildRules = (
			);
			dependencies = (
			);
			name = wooptest;
			productName = wooptest;
			productReference = A9BDA350247CC7D20016CB9C /* wooptest.app */;
			productType = "com.apple.product-type.application";
		};
		A9BDA365247CC7D30016CB9C /* wooptestTests */ = {
			isa = PBXNativeTarget;
			buildConfigurationList = A9BDA37D247CC7D30016CB9C /* Build configuration list for PBXNativeTarget "wooptestTests" */;
			buildPhases = (
				EA73A76419822DC937888332 /* [CP] Check Pods Manifest.lock */,
				A9BDA362247CC7D30016CB9C /* Sources */,
				A9BDA363247CC7D30016CB9C /* Frameworks */,
				A9BDA364247CC7D30016CB9C /* Resources */,
			);
			buildRules = (
			);
			dependencies = (
				A9BDA368247CC7D30016CB9C /* PBXTargetDependency */,
			);
			name = wooptestTests;
			productName = wooptestTests;
			productReference = A9BDA366247CC7D30016CB9C /* wooptestTests.xctest */;
			productType = "com.apple.product-type.bundle.unit-test";
		};
		A9BDA370247CC7D30016CB9C /* wooptestUITests */ = {
			isa = PBXNativeTarget;
			buildConfigurationList = A9BDA380247CC7D30016CB9C /* Build configuration list for PBXNativeTarget "wooptestUITests" */;
			buildPhases = (
				813C29480D69C676A0912E23 /* [CP] Check Pods Manifest.lock */,
				A9BDA36D247CC7D30016CB9C /* Sources */,
				A9BDA36E247CC7D30016CB9C /* Frameworks */,
				A9BDA36F247CC7D30016CB9C /* Resources */,
				86CFF417F0400C9D9562928F /* [CP] Embed Pods Frameworks */,
			);
			buildRules = (
			);
			dependencies = (
				A9BDA373247CC7D30016CB9C /* PBXTargetDependency */,
			);
			name = wooptestUITests;
			productName = wooptestUITests;
			productReference = A9BDA371247CC7D30016CB9C /* wooptestUITests.xctest */;
			productType = "com.apple.product-type.bundle.ui-testing";
		};
/* End PBXNativeTarget section */

/* Begin PBXProject section */
		A9BDA348247CC7D20016CB9C /* Project object */ = {
			isa = PBXProject;
			attributes = {
				LastSwiftUpdateCheck = 1130;
				LastUpgradeCheck = 1130;
				ORGANIZATIONNAME = "Guilherme Leite Colares";
				TargetAttributes = {
					A9BDA34F247CC7D20016CB9C = {
						CreatedOnToolsVersion = 11.3.1;
					};
					A9BDA365247CC7D30016CB9C = {
						CreatedOnToolsVersion = 11.3.1;
						TestTargetID = A9BDA34F247CC7D20016CB9C;
					};
					A9BDA370247CC7D30016CB9C = {
						CreatedOnToolsVersion = 11.3.1;
						TestTargetID = A9BDA34F247CC7D20016CB9C;
					};
				};
			};
			buildConfigurationList = A9BDA34B247CC7D20016CB9C /* Build configuration list for PBXProject "wooptest" */;
			compatibilityVersion = "Xcode 9.3";
			developmentRegion = en;
			hasScannedForEncodings = 0;
			knownRegions = (
				en,
				Base,
			);
			mainGroup = A9BDA347247CC7D20016CB9C;
			productRefGroup = A9BDA351247CC7D20016CB9C /* Products */;
			projectDirPath = "";
			projectRoot = "";
			targets = (
				A9BDA34F247CC7D20016CB9C /* wooptest */,
				A9BDA365247CC7D30016CB9C /* wooptestTests */,
				A9BDA370247CC7D30016CB9C /* wooptestUITests */,
			);
		};
/* End PBXProject section */

/* Begin PBXResourcesBuildPhase section */
		A9BDA34E247CC7D20016CB9C /* Resources */ = {
			isa = PBXResourcesBuildPhase;
			buildActionMask = 2147483647;
			files = (
				A9BDA360247CC7D30016CB9C /* LaunchScreen.storyboard in Resources */,
				A9BDA3A0247CCCB40016CB9C /* Events.storyboard in Resources */,
				A9BDA35D247CC7D30016CB9C /* Assets.xcassets in Resources */,
				A9ADB42C24804BF400F58D11 /* EventDetail.storyboard in Resources */,
			);
			runOnlyForDeploymentPostprocessing = 0;
		};
		A9BDA364247CC7D30016CB9C /* Resources */ = {
			isa = PBXResourcesBuildPhase;
			buildActionMask = 2147483647;
			files = (
			);
			runOnlyForDeploymentPostprocessing = 0;
		};
		A9BDA36F247CC7D30016CB9C /* Resources */ = {
			isa = PBXResourcesBuildPhase;
			buildActionMask = 2147483647;
			files = (
			);
			runOnlyForDeploymentPostprocessing = 0;
		};
/* End PBXResourcesBuildPhase section */

/* Begin PBXShellScriptBuildPhase section */
		687DCFE0B78C3AA5ACB80174 /* [CP] Embed Pods Frameworks */ = {
			isa = PBXShellScriptBuildPhase;
			buildActionMask = 2147483647;
			files = (
			);
			inputFileListPaths = (
				"${PODS_ROOT}/Target Support Files/Pods-wooptest/Pods-wooptest-frameworks-${CONFIGURATION}-input-files.xcfilelist",
			);
			name = "[CP] Embed Pods Frameworks";
			outputFileListPaths = (
				"${PODS_ROOT}/Target Support Files/Pods-wooptest/Pods-wooptest-frameworks-${CONFIGURATION}-output-files.xcfilelist",
			);
			runOnlyForDeploymentPostprocessing = 0;
			shellPath = /bin/sh;
			shellScript = "\"${PODS_ROOT}/Target Support Files/Pods-wooptest/Pods-wooptest-frameworks.sh\"\n";
			showEnvVarsInLog = 0;
		};
		813C29480D69C676A0912E23 /* [CP] Check Pods Manifest.lock */ = {
			isa = PBXShellScriptBuildPhase;
			buildActionMask = 2147483647;
			files = (
			);
			inputFileListPaths = (
			);
			inputPaths = (
				"${PODS_PODFILE_DIR_PATH}/Podfile.lock",
				"${PODS_ROOT}/Manifest.lock",
			);
			name = "[CP] Check Pods Manifest.lock";
			outputFileListPaths = (
			);
			outputPaths = (
				"$(DERIVED_FILE_DIR)/Pods-wooptest-wooptestUITests-checkManifestLockResult.txt",
			);
			runOnlyForDeploymentPostprocessing = 0;
			shellPath = /bin/sh;
			shellScript = "diff \"${PODS_PODFILE_DIR_PATH}/Podfile.lock\" \"${PODS_ROOT}/Manifest.lock\" > /dev/null\nif [ $? != 0 ] ; then\n    # print error to STDERR\n    echo \"error: The sandbox is not in sync with the Podfile.lock. Run 'pod install' or update your CocoaPods installation.\" >&2\n    exit 1\nfi\n# This output is used by Xcode 'outputs' to avoid re-running this script phase.\necho \"SUCCESS\" > \"${SCRIPT_OUTPUT_FILE_0}\"\n";
			showEnvVarsInLog = 0;
		};
		86CFF417F0400C9D9562928F /* [CP] Embed Pods Frameworks */ = {
			isa = PBXShellScriptBuildPhase;
			buildActionMask = 2147483647;
			files = (
			);
			inputFileListPaths = (
				"${PODS_ROOT}/Target Support Files/Pods-wooptest-wooptestUITests/Pods-wooptest-wooptestUITests-frameworks-${CONFIGURATION}-input-files.xcfilelist",
			);
			name = "[CP] Embed Pods Frameworks";
			outputFileListPaths = (
				"${PODS_ROOT}/Target Support Files/Pods-wooptest-wooptestUITests/Pods-wooptest-wooptestUITests-frameworks-${CONFIGURATION}-output-files.xcfilelist",
			);
			runOnlyForDeploymentPostprocessing = 0;
			shellPath = /bin/sh;
			shellScript = "\"${PODS_ROOT}/Target Support Files/Pods-wooptest-wooptestUITests/Pods-wooptest-wooptestUITests-frameworks.sh\"\n";
			showEnvVarsInLog = 0;
		};
		A91EE31F248099DF0010B289 /* ShellScript */ = {
			isa = PBXShellScriptBuildPhase;
			buildActionMask = 2147483647;
			files = (
			);
			inputFileListPaths = (
			);
			inputPaths = (
			);
			outputFileListPaths = (
			);
			outputPaths = (
			);
			runOnlyForDeploymentPostprocessing = 0;
			shellPath = /bin/sh;
			shellScript = "# Type a script or drag a script file from your workspace to insert its path.\n\"${PODS_ROOT}/SwiftLint/swiftlint\"\n";
		};
		EA73A76419822DC937888332 /* [CP] Check Pods Manifest.lock */ = {
			isa = PBXShellScriptBuildPhase;
			buildActionMask = 2147483647;
			files = (
			);
			inputFileListPaths = (
			);
			inputPaths = (
				"${PODS_PODFILE_DIR_PATH}/Podfile.lock",
				"${PODS_ROOT}/Manifest.lock",
			);
			name = "[CP] Check Pods Manifest.lock";
			outputFileListPaths = (
			);
			outputPaths = (
				"$(DERIVED_FILE_DIR)/Pods-wooptestTests-checkManifestLockResult.txt",
			);
			runOnlyForDeploymentPostprocessing = 0;
			shellPath = /bin/sh;
			shellScript = "diff \"${PODS_PODFILE_DIR_PATH}/Podfile.lock\" \"${PODS_ROOT}/Manifest.lock\" > /dev/null\nif [ $? != 0 ] ; then\n    # print error to STDERR\n    echo \"error: The sandbox is not in sync with the Podfile.lock. Run 'pod install' or update your CocoaPods installation.\" >&2\n    exit 1\nfi\n# This output is used by Xcode 'outputs' to avoid re-running this script phase.\necho \"SUCCESS\" > \"${SCRIPT_OUTPUT_FILE_0}\"\n";
			showEnvVarsInLog = 0;
		};
		F8D5CBA146BC3AC7F31BA926 /* [CP] Check Pods Manifest.lock */ = {
			isa = PBXShellScriptBuildPhase;
			buildActionMask = 2147483647;
			files = (
			);
			inputFileListPaths = (
			);
			inputPaths = (
				"${PODS_PODFILE_DIR_PATH}/Podfile.lock",
				"${PODS_ROOT}/Manifest.lock",
			);
			name = "[CP] Check Pods Manifest.lock";
			outputFileListPaths = (
			);
			outputPaths = (
				"$(DERIVED_FILE_DIR)/Pods-wooptest-checkManifestLockResult.txt",
			);
			runOnlyForDeploymentPostprocessing = 0;
			shellPath = /bin/sh;
			shellScript = "diff \"${PODS_PODFILE_DIR_PATH}/Podfile.lock\" \"${PODS_ROOT}/Manifest.lock\" > /dev/null\nif [ $? != 0 ] ; then\n    # print error to STDERR\n    echo \"error: The sandbox is not in sync with the Podfile.lock. Run 'pod install' or update your CocoaPods installation.\" >&2\n    exit 1\nfi\n# This output is used by Xcode 'outputs' to avoid re-running this script phase.\necho \"SUCCESS\" > \"${SCRIPT_OUTPUT_FILE_0}\"\n";
			showEnvVarsInLog = 0;
		};
/* End PBXShellScriptBuildPhase section */

/* Begin PBXSourcesBuildPhase section */
		A9BDA34C247CC7D20016CB9C /* Sources */ = {
			isa = PBXSourcesBuildPhase;
			buildActionMask = 2147483647;
			files = (
				A9ADB42024803B0900F58D11 /* WPEventDetail.swift in Sources */,
				A91EE317248081770010B289 /* WPDescriptionTableViewCell.swift in Sources */,
				A9BDA39A247CCC980016CB9C /* WPEventsService.swift in Sources */,
				A9ADB41524802ECA00F58D11 /* UIView+Extension.swift in Sources */,
				A9ADB42624803D7A00F58D11 /* WPEventDetailPresenter.swift in Sources */,
				A91EE30E248052780010B289 /* WPEventDetailRouter.swift in Sources */,
				A9BDA39C247CCC980016CB9C /* WPEvent.swift in Sources */,
				A9ADB42224803B9000F58D11 /* WPEventDetailService.swift in Sources */,
				A91EE313248075800010B289 /* WPBannerTableViewCell.swift in Sources */,
				A9BDA399247CCC980016CB9C /* WPEventsRouter.swift in Sources */,
				A91EE32424809ACD0010B289 /* WPEventAnnotation.swift in Sources */,
				A9BDA398247CCC980016CB9C /* WPEventsProtocols.swift in Sources */,
				A9ADB42424803BF900F58D11 /* WPEventDetailProtocols.swift in Sources */,
				A9ADB411248016FB00F58D11 /* WPEventTableViewCell.swift in Sources */,
				A9BDA39D247CCC980016CB9C /* WPEventsViewController.swift in Sources */,
				A9BDA354247CC7D20016CB9C /* AppDelegate.swift in Sources */,
				A91EE31E248098DC0010B289 /* WPMapTableViewCell.swift in Sources */,
				A91EE3102480533A0010B289 /* WPEventDetailTableViewController.swift in Sources */,
				A9ADB42824803D8D00F58D11 /* WPEventDetailInteractor.swift in Sources */,
				A9BDA39E247CCC980016CB9C /* RequestLocationPermissionViewController.swift in Sources */,
				A9ADB42A24803EF000F58D11 /* WPMakeCheckinPayload.swift in Sources */,
				A96EDDA32480A1CF00266D80 /* CoreLocation+Extension.swift in Sources */,
				A9BDA397247CCC980016CB9C /* WPEventsInteractor.swift in Sources */,
				A91EE315248076C90010B289 /* WPTitleTableViewCell.swift in Sources */,
				A9BDA39B247CCC980016CB9C /* WPEventsPresenter.swift in Sources */,
				A91EE319248082070010B289 /* WPCheckinTableViewCell.swift in Sources */,
				A91EE31C24808B7D0010B289 /* UIApplication+Extension.swift in Sources */,
				A9BDA3A3247CD20C0016CB9C /* Constants.swift in Sources */,
			);
			runOnlyForDeploymentPostprocessing = 0;
		};
		A9BDA362247CC7D30016CB9C /* Sources */ = {
			isa = PBXSourcesBuildPhase;
			buildActionMask = 2147483647;
			files = (
				A9BDA36B247CC7D30016CB9C /* wooptestTests.swift in Sources */,
			);
			runOnlyForDeploymentPostprocessing = 0;
		};
		A9BDA36D247CC7D30016CB9C /* Sources */ = {
			isa = PBXSourcesBuildPhase;
			buildActionMask = 2147483647;
			files = (
				A9BDA376247CC7D30016CB9C /* wooptestUITests.swift in Sources */,
			);
			runOnlyForDeploymentPostprocessing = 0;
		};
/* End PBXSourcesBuildPhase section */

/* Begin PBXTargetDependency section */
		A9BDA368247CC7D30016CB9C /* PBXTargetDependency */ = {
			isa = PBXTargetDependency;
			target = A9BDA34F247CC7D20016CB9C /* wooptest */;
			targetProxy = A9BDA367247CC7D30016CB9C /* PBXContainerItemProxy */;
		};
		A9BDA373247CC7D30016CB9C /* PBXTargetDependency */ = {
			isa = PBXTargetDependency;
			target = A9BDA34F247CC7D20016CB9C /* wooptest */;
			targetProxy = A9BDA372247CC7D30016CB9C /* PBXContainerItemProxy */;
		};
/* End PBXTargetDependency section */

/* Begin PBXVariantGroup section */
		A9BDA35E247CC7D30016CB9C /* LaunchScreen.storyboard */ = {
			isa = PBXVariantGroup;
			children = (
				A9BDA35F247CC7D30016CB9C /* Base */,
			);
			name = LaunchScreen.storyboard;
			sourceTree = "<group>";
		};
/* End PBXVariantGroup section */

/* Begin XCBuildConfiguration section */
		A9BDA378247CC7D30016CB9C /* Debug */ = {
			isa = XCBuildConfiguration;
			buildSettings = {
				ALWAYS_SEARCH_USER_PATHS = NO;
				CLANG_ANALYZER_NONNULL = YES;
				CLANG_ANALYZER_NUMBER_OBJECT_CONVERSION = YES_AGGRESSIVE;
				CLANG_CXX_LANGUAGE_STANDARD = "gnu++14";
				CLANG_CXX_LIBRARY = "libc++";
				CLANG_ENABLE_MODULES = YES;
				CLANG_ENABLE_OBJC_ARC = YES;
				CLANG_ENABLE_OBJC_WEAK = YES;
				CLANG_WARN_BLOCK_CAPTURE_AUTORELEASING = YES;
				CLANG_WARN_BOOL_CONVERSION = YES;
				CLANG_WARN_COMMA = YES;
				CLANG_WARN_CONSTANT_CONVERSION = YES;
				CLANG_WARN_DEPRECATED_OBJC_IMPLEMENTATIONS = YES;
				CLANG_WARN_DIRECT_OBJC_ISA_USAGE = YES_ERROR;
				CLANG_WARN_DOCUMENTATION_COMMENTS = YES;
				CLANG_WARN_EMPTY_BODY = YES;
				CLANG_WARN_ENUM_CONVERSION = YES;
				CLANG_WARN_INFINITE_RECURSION = YES;
				CLANG_WARN_INT_CONVERSION = YES;
				CLANG_WARN_NON_LITERAL_NULL_CONVERSION = YES;
				CLANG_WARN_OBJC_IMPLICIT_RETAIN_SELF = YES;
				CLANG_WARN_OBJC_LITERAL_CONVERSION = YES;
				CLANG_WARN_OBJC_ROOT_CLASS = YES_ERROR;
				CLANG_WARN_RANGE_LOOP_ANALYSIS = YES;
				CLANG_WARN_STRICT_PROTOTYPES = YES;
				CLANG_WARN_SUSPICIOUS_MOVE = YES;
				CLANG_WARN_UNGUARDED_AVAILABILITY = YES_AGGRESSIVE;
				CLANG_WARN_UNREACHABLE_CODE = YES;
				CLANG_WARN__DUPLICATE_METHOD_MATCH = YES;
				COPY_PHASE_STRIP = NO;
				DEBUG_INFORMATION_FORMAT = dwarf;
				ENABLE_STRICT_OBJC_MSGSEND = YES;
				ENABLE_TESTABILITY = YES;
				GCC_C_LANGUAGE_STANDARD = gnu11;
				GCC_DYNAMIC_NO_PIC = NO;
				GCC_NO_COMMON_BLOCKS = YES;
				GCC_OPTIMIZATION_LEVEL = 0;
				GCC_PREPROCESSOR_DEFINITIONS = (
					"DEBUG=1",
					"$(inherited)",
				);
				GCC_WARN_64_TO_32_BIT_CONVERSION = YES;
				GCC_WARN_ABOUT_RETURN_TYPE = YES_ERROR;
				GCC_WARN_UNDECLARED_SELECTOR = YES;
				GCC_WARN_UNINITIALIZED_AUTOS = YES_AGGRESSIVE;
				GCC_WARN_UNUSED_FUNCTION = YES;
				GCC_WARN_UNUSED_VARIABLE = YES;
				IPHONEOS_DEPLOYMENT_TARGET = 13.2;
				MTL_ENABLE_DEBUG_INFO = INCLUDE_SOURCE;
				MTL_FAST_MATH = YES;
				ONLY_ACTIVE_ARCH = YES;
				SDKROOT = iphoneos;
				SWIFT_ACTIVE_COMPILATION_CONDITIONS = DEBUG;
				SWIFT_OPTIMIZATION_LEVEL = "-Onone";
			};
			name = Debug;
		};
		A9BDA379247CC7D30016CB9C /* Release */ = {
			isa = XCBuildConfiguration;
			buildSettings = {
				ALWAYS_SEARCH_USER_PATHS = NO;
				CLANG_ANALYZER_NONNULL = YES;
				CLANG_ANALYZER_NUMBER_OBJECT_CONVERSION = YES_AGGRESSIVE;
				CLANG_CXX_LANGUAGE_STANDARD = "gnu++14";
				CLANG_CXX_LIBRARY = "libc++";
				CLANG_ENABLE_MODULES = YES;
				CLANG_ENABLE_OBJC_ARC = YES;
				CLANG_ENABLE_OBJC_WEAK = YES;
				CLANG_WARN_BLOCK_CAPTURE_AUTORELEASING = YES;
				CLANG_WARN_BOOL_CONVERSION = YES;
				CLANG_WARN_COMMA = YES;
				CLANG_WARN_CONSTANT_CONVERSION = YES;
				CLANG_WARN_DEPRECATED_OBJC_IMPLEMENTATIONS = YES;
				CLANG_WARN_DIRECT_OBJC_ISA_USAGE = YES_ERROR;
				CLANG_WARN_DOCUMENTATION_COMMENTS = YES;
				CLANG_WARN_EMPTY_BODY = YES;
				CLANG_WARN_ENUM_CONVERSION = YES;
				CLANG_WARN_INFINITE_RECURSION = YES;
				CLANG_WARN_INT_CONVERSION = YES;
				CLANG_WARN_NON_LITERAL_NULL_CONVERSION = YES;
				CLANG_WARN_OBJC_IMPLICIT_RETAIN_SELF = YES;
				CLANG_WARN_OBJC_LITERAL_CONVERSION = YES;
				CLANG_WARN_OBJC_ROOT_CLASS = YES_ERROR;
				CLANG_WARN_RANGE_LOOP_ANALYSIS = YES;
				CLANG_WARN_STRICT_PROTOTYPES = YES;
				CLANG_WARN_SUSPICIOUS_MOVE = YES;
				CLANG_WARN_UNGUARDED_AVAILABILITY = YES_AGGRESSIVE;
				CLANG_WARN_UNREACHABLE_CODE = YES;
				CLANG_WARN__DUPLICATE_METHOD_MATCH = YES;
				COPY_PHASE_STRIP = NO;
				DEBUG_INFORMATION_FORMAT = "dwarf-with-dsym";
				ENABLE_NS_ASSERTIONS = NO;
				ENABLE_STRICT_OBJC_MSGSEND = YES;
				GCC_C_LANGUAGE_STANDARD = gnu11;
				GCC_NO_COMMON_BLOCKS = YES;
				GCC_WARN_64_TO_32_BIT_CONVERSION = YES;
				GCC_WARN_ABOUT_RETURN_TYPE = YES_ERROR;
				GCC_WARN_UNDECLARED_SELECTOR = YES;
				GCC_WARN_UNINITIALIZED_AUTOS = YES_AGGRESSIVE;
				GCC_WARN_UNUSED_FUNCTION = YES;
				GCC_WARN_UNUSED_VARIABLE = YES;
				IPHONEOS_DEPLOYMENT_TARGET = 13.2;
				MTL_ENABLE_DEBUG_INFO = NO;
				MTL_FAST_MATH = YES;
				SDKROOT = iphoneos;
				SWIFT_COMPILATION_MODE = wholemodule;
				SWIFT_OPTIMIZATION_LEVEL = "-O";
				VALIDATE_PRODUCT = YES;
			};
			name = Release;
		};
		A9BDA37B247CC7D30016CB9C /* Debug */ = {
			isa = XCBuildConfiguration;
			baseConfigurationReference = 0B577F31ECDF41B59AD13AF9 /* Pods-wooptest.debug.xcconfig */;
			buildSettings = {
				ASSETCATALOG_COMPILER_APPICON_NAME = AppIcon;
				CODE_SIGN_STYLE = Automatic;
				DEVELOPMENT_TEAM = Z4WCBGWTR5;
				INFOPLIST_FILE = "wooptest/Supporting Files/Info.plist";
				IPHONEOS_DEPLOYMENT_TARGET = 12.4;
				LD_RUNPATH_SEARCH_PATHS = (
					"$(inherited)",
					"@executable_path/Frameworks",
				);
				PRODUCT_BUNDLE_IDENTIFIER = br.com.guicolares.wooptest;
				PRODUCT_NAME = "$(TARGET_NAME)";
				SWIFT_VERSION = 5.0;
				TARGETED_DEVICE_FAMILY = "1,2";
			};
			name = Debug;
		};
		A9BDA37C247CC7D30016CB9C /* Release */ = {
			isa = XCBuildConfiguration;
			baseConfigurationReference = 06A1343B279E32C2507F7E1E /* Pods-wooptest.release.xcconfig */;
			buildSettings = {
				ASSETCATALOG_COMPILER_APPICON_NAME = AppIcon;
				CODE_SIGN_STYLE = Automatic;
				DEVELOPMENT_TEAM = Z4WCBGWTR5;
				INFOPLIST_FILE = "wooptest/Supporting Files/Info.plist";
				IPHONEOS_DEPLOYMENT_TARGET = 12.4;
				LD_RUNPATH_SEARCH_PATHS = (
					"$(inherited)",
					"@executable_path/Frameworks",
				);
				PRODUCT_BUNDLE_IDENTIFIER = br.com.guicolares.wooptest;
				PRODUCT_NAME = "$(TARGET_NAME)";
				SWIFT_VERSION = 5.0;
				TARGETED_DEVICE_FAMILY = "1,2";
			};
			name = Release;
		};
		A9BDA37E247CC7D30016CB9C /* Debug */ = {
			isa = XCBuildConfiguration;
			baseConfigurationReference = CD7EAB41E26661CD86A185EA /* Pods-wooptestTests.debug.xcconfig */;
			buildSettings = {
				ALWAYS_EMBED_SWIFT_STANDARD_LIBRARIES = YES;
				BUNDLE_LOADER = "$(TEST_HOST)";
				CODE_SIGN_STYLE = Automatic;
				INFOPLIST_FILE = wooptestTests/Info.plist;
				IPHONEOS_DEPLOYMENT_TARGET = 13.2;
				LD_RUNPATH_SEARCH_PATHS = (
					"$(inherited)",
					"@executable_path/Frameworks",
					"@loader_path/Frameworks",
				);
				PRODUCT_BUNDLE_IDENTIFIER = br.com.guicolares.wooptestTests;
				PRODUCT_NAME = "$(TARGET_NAME)";
				SWIFT_VERSION = 5.0;
				TARGETED_DEVICE_FAMILY = "1,2";
				TEST_HOST = "$(BUILT_PRODUCTS_DIR)/wooptest.app/wooptest";
			};
			name = Debug;
		};
		A9BDA37F247CC7D30016CB9C /* Release */ = {
			isa = XCBuildConfiguration;
			baseConfigurationReference = 43011D0D676ACBE8E98A5053 /* Pods-wooptestTests.release.xcconfig */;
			buildSettings = {
				ALWAYS_EMBED_SWIFT_STANDARD_LIBRARIES = YES;
				BUNDLE_LOADER = "$(TEST_HOST)";
				CODE_SIGN_STYLE = Automatic;
				INFOPLIST_FILE = wooptestTests/Info.plist;
				IPHONEOS_DEPLOYMENT_TARGET = 13.2;
				LD_RUNPATH_SEARCH_PATHS = (
					"$(inherited)",
					"@executable_path/Frameworks",
					"@loader_path/Frameworks",
				);
				PRODUCT_BUNDLE_IDENTIFIER = br.com.guicolares.wooptestTests;
				PRODUCT_NAME = "$(TARGET_NAME)";
				SWIFT_VERSION = 5.0;
				TARGETED_DEVICE_FAMILY = "1,2";
				TEST_HOST = "$(BUILT_PRODUCTS_DIR)/wooptest.app/wooptest";
			};
			name = Release;
		};
		A9BDA381247CC7D30016CB9C /* Debug */ = {
			isa = XCBuildConfiguration;
			baseConfigurationReference = F7EAB5EA5F9BA4618B0409AF /* Pods-wooptest-wooptestUITests.debug.xcconfig */;
			buildSettings = {
				ALWAYS_EMBED_SWIFT_STANDARD_LIBRARIES = YES;
				CODE_SIGN_STYLE = Automatic;
				INFOPLIST_FILE = wooptestUITests/Info.plist;
				LD_RUNPATH_SEARCH_PATHS = (
					"$(inherited)",
					"@executable_path/Frameworks",
					"@loader_path/Frameworks",
				);
				PRODUCT_BUNDLE_IDENTIFIER = br.com.guicolares.wooptestUITests;
				PRODUCT_NAME = "$(TARGET_NAME)";
				SWIFT_VERSION = 5.0;
				TARGETED_DEVICE_FAMILY = "1,2";
				TEST_TARGET_NAME = wooptest;
			};
			name = Debug;
		};
		A9BDA382247CC7D30016CB9C /* Release */ = {
			isa = XCBuildConfiguration;
			baseConfigurationReference = ABC8B26B0B6D34A13CB13DCC /* Pods-wooptest-wooptestUITests.release.xcconfig */;
			buildSettings = {
				ALWAYS_EMBED_SWIFT_STANDARD_LIBRARIES = YES;
				CODE_SIGN_STYLE = Automatic;
				INFOPLIST_FILE = wooptestUITests/Info.plist;
				LD_RUNPATH_SEARCH_PATHS = (
					"$(inherited)",
					"@executable_path/Frameworks",
					"@loader_path/Frameworks",
				);
				PRODUCT_BUNDLE_IDENTIFIER = br.com.guicolares.wooptestUITests;
				PRODUCT_NAME = "$(TARGET_NAME)";
				SWIFT_VERSION = 5.0;
				TARGETED_DEVICE_FAMILY = "1,2";
				TEST_TARGET_NAME = wooptest;
			};
			name = Release;
		};
/* End XCBuildConfiguration section */

/* Begin XCConfigurationList section */
		A9BDA34B247CC7D20016CB9C /* Build configuration list for PBXProject "wooptest" */ = {
			isa = XCConfigurationList;
			buildConfigurations = (
				A9BDA378247CC7D30016CB9C /* Debug */,
				A9BDA379247CC7D30016CB9C /* Release */,
			);
			defaultConfigurationIsVisible = 0;
			defaultConfigurationName = Release;
		};
		A9BDA37A247CC7D30016CB9C /* Build configuration list for PBXNativeTarget "wooptest" */ = {
			isa = XCConfigurationList;
			buildConfigurations = (
				A9BDA37B247CC7D30016CB9C /* Debug */,
				A9BDA37C247CC7D30016CB9C /* Release */,
			);
			defaultConfigurationIsVisible = 0;
			defaultConfigurationName = Release;
		};
		A9BDA37D247CC7D30016CB9C /* Build configuration list for PBXNativeTarget "wooptestTests" */ = {
			isa = XCConfigurationList;
			buildConfigurations = (
				A9BDA37E247CC7D30016CB9C /* Debug */,
				A9BDA37F247CC7D30016CB9C /* Release */,
			);
			defaultConfigurationIsVisible = 0;
			defaultConfigurationName = Release;
		};
		A9BDA380247CC7D30016CB9C /* Build configuration list for PBXNativeTarget "wooptestUITests" */ = {
			isa = XCConfigurationList;
			buildConfigurations = (
				A9BDA381247CC7D30016CB9C /* Debug */,
				A9BDA382247CC7D30016CB9C /* Release */,
			);
			defaultConfigurationIsVisible = 0;
			defaultConfigurationName = Release;
		};
/* End XCConfigurationList section */
	};
	rootObject = A9BDA348247CC7D20016CB9C /* Project object */;
}
